{
  "version": 4,
  "terraform_version": "1.14.0",
  "serial": 32,
  "lineage": "37cb99db-662b-5c03-3dc1-1cd293caff26",
  "outputs": {
    "backend_alb_dns": {
      "value": "backend-alb-1303333898.us-east-1.elb.amazonaws.com",
      "type": "string"
    },
    "backend_asg_name": {
      "value": "backend-asg",
      "type": "string"
    },
    "backend_url": {
      "value": "http://backend-alb-1303333898.us-east-1.elb.amazonaws.com",
      "type": "string"
    }
  },
  "resources": [
    {
      "mode": "data",
      "type": "aws_subnets",
      "name": "default",
      "provider": "provider[\"registry.terraform.io/hashicorp/aws\"]",
      "instances": [
        {
          "schema_version": 0,
          "attributes": {
            "filter": [
              {
                "name": "vpc-id",
                "values": [
                  "vpc-0784edd3e24efd9a1"
                ]
              }
            ],
            "id": "us-east-1",
            "ids": [
              "subnet-09a887738a5fb5ab9",
              "subnet-0894abf7437c09cb2",
              "subnet-02bdc4ec59c3264ce",
              "subnet-03e9126ae9b431ebe",
              "subnet-00570455c55ce452e",
              "subnet-01bbaa758588a79ab"
            ],
            "tags": null
          },
          "sensitive_attributes": [],
          "identity_schema_version": 0
        }
      ]
    },
    {
      "mode": "data",
      "type": "aws_vpc",
      "name": "default",
      "provider": "provider[\"registry.terraform.io/hashicorp/aws\"]",
      "instances": [
        {
          "schema_version": 0,
          "attributes": {
            "arn": "arn:aws:ec2:us-east-1:767398053934:vpc/vpc-0784edd3e24efd9a1",
            "cidr_block": "172.31.0.0/16",
            "cidr_block_associations": [
              {
                "association_id": "vpc-cidr-assoc-0b769bc89f5a3f24b",
                "cidr_block": "172.31.0.0/16",
                "state": "associated"
              }
            ],
            "default": true,
            "dhcp_options_id": "dopt-0e01c3b158b533679",
            "enable_dns_hostnames": true,
            "enable_dns_support": true,
            "filter": null,
            "id": "vpc-0784edd3e24efd9a1",
            "instance_tenancy": "default",
            "ipv6_association_id": "",
            "ipv6_cidr_block": "",
            "main_route_table_id": "rtb-05e997c9687dbefd5",
            "owner_id": "767398053934",
            "state": null,
            "tags": {}
          },
          "sensitive_attributes": [],
          "identity_schema_version": 0
        }
      ]
    },
    {
      "mode": "managed",
      "type": "aws_autoscaling_group",
      "name": "backend_asg",
      "provider": "provider[\"registry.terraform.io/hashicorp/aws\"]",
      "instances": [
        {
          "schema_version": 0,
          "attributes": {
            "arn": "arn:aws:autoscaling:us-east-1:767398053934:autoScalingGroup:fc7890ef-7a3b-4d86-82ec-94d2d514abd9:autoScalingGroupName/backend-asg",
            "availability_zones": [
              "us-east-1a",
              "us-east-1b",
              "us-east-1c",
              "us-east-1d",
              "us-east-1e",
              "us-east-1f"
            ],
            "capacity_rebalance": false,
            "default_cooldown": 300,
            "desired_capacity": 2,
            "enabled_metrics": null,
            "force_delete": false,
            "force_delete_warm_pool": false,
            "health_check_grace_period": 300,
            "health_check_type": "EC2",
            "id": "backend-asg",
            "initial_lifecycle_hook": [],
            "instance_refresh": [],
            "launch_configuration": "",
            "launch_template": [
              {
                "id": "lt-0c416be21faae93d1",
                "name": "backend-lt-20251214185845663500000001",
                "version": "$Latest"
              }
            ],
            "load_balancers": null,
            "max_instance_lifetime": 0,
            "max_size": 3,
            "metrics_granularity": "1Minute",
            "min_elb_capacity": null,
            "min_size": 2,
            "mixed_instances_policy": [],
            "name": "backend-asg",
            "name_prefix": "",
            "placement_group": "",
            "protect_from_scale_in": false,
            "service_linked_role_arn": "arn:aws:iam::767398053934:role/aws-service-role/autoscaling.amazonaws.com/AWSServiceRoleForAutoScaling",
            "suspended_processes": null,
            "tag": [
              {
                "key": "Name",
                "propagate_at_launch": true,
                "value": "backend-instance"
              }
            ],
            "tags": null,
            "target_group_arns": [
              "arn:aws:elasticloadbalancing:us-east-1:767398053934:targetgroup/backend-tg/df806d4c29dcaf09"
            ],
            "termination_policies": null,
            "timeouts": null,
            "vpc_zone_identifier": [
              "subnet-00570455c55ce452e",
              "subnet-01bbaa758588a79ab",
              "subnet-02bdc4ec59c3264ce",
              "subnet-03e9126ae9b431ebe",
              "subnet-0894abf7437c09cb2",
              "subnet-09a887738a5fb5ab9"
            ],
            "wait_for_capacity_timeout": "10m",
            "wait_for_elb_capacity": null,
            "warm_pool": []
          },
          "sensitive_attributes": [],
          "identity_schema_version": 0,
          "private": "eyJlMmJmYjczMC1lY2FhLTExZTYtOGY4OC0zNDM2M2JjN2M0YzAiOnsiZGVsZXRlIjo2MDAwMDAwMDAwMDB9fQ==",
          "dependencies": [
            "aws_launch_template.backend_lt",
            "aws_lb_target_group.backend_tg",
            "aws_security_group.backend_sg",
            "data.aws_subnets.default",
            "data.aws_vpc.default"
          ]
        }
      ]
    },
    {
      "mode": "managed",
      "type": "aws_autoscaling_policy",
      "name": "backend_cpu",
      "provider": "provider[\"registry.terraform.io/hashicorp/aws\"]",
      "instances": [
        {
          "schema_version": 0,
          "attributes": {
            "adjustment_type": "",
            "arn": "arn:aws:autoscaling:us-east-1:767398053934:scalingPolicy:fad1fb64-fccf-4765-aa98-874e466f8347:autoScalingGroupName/backend-asg:policyName/backend-scale-cpu",
            "autoscaling_group_name": "backend-asg",
            "cooldown": 0,
            "estimated_instance_warmup": 0,
            "id": "backend-scale-cpu",
            "metric_aggregation_type": "",
            "min_adjustment_magnitude": null,
            "name": "backend-scale-cpu",
            "policy_type": "TargetTrackingScaling",
            "predictive_scaling_configuration": [],
            "scaling_adjustment": 0,
            "step_adjustment": [],
            "target_tracking_configuration": [
              {
                "customized_metric_specification": [],
                "disable_scale_in": false,
                "predefined_metric_specification": [
                  {
                    "predefined_metric_type": "ASGAverageCPUUtilization",
                    "resource_label": ""
                  }
                ],
                "target_value": 50
              }
            ]
          },
          "sensitive_attributes": [],
          "identity_schema_version": 0,
          "private": "bnVsbA==",
          "dependencies": [
            "aws_autoscaling_group.backend_asg",
            "aws_launch_template.backend_lt",
            "aws_lb_target_group.backend_tg",
            "aws_security_group.backend_sg",
            "data.aws_subnets.default",
            "data.aws_vpc.default"
          ]
        }
      ]
    },
    {
      "mode": "managed",
      "type": "aws_autoscaling_policy",
      "name": "backend_memory",
      "provider": "provider[\"registry.terraform.io/hashicorp/aws\"]",
      "instances": [
        {
          "schema_version": 0,
          "attributes": {
            "adjustment_type": "",
            "arn": "arn:aws:autoscaling:us-east-1:767398053934:scalingPolicy:531262c9-5263-4785-82aa-cb2e541e3b33:autoScalingGroupName/backend-asg:policyName/backend-scale-memory",
            "autoscaling_group_name": "backend-asg",
            "cooldown": 0,
            "estimated_instance_warmup": 0,
            "id": "backend-scale-memory",
            "metric_aggregation_type": "",
            "min_adjustment_magnitude": null,
            "name": "backend-scale-memory",
            "policy_type": "TargetTrackingScaling",
            "predictive_scaling_configuration": [],
            "scaling_adjustment": 0,
            "step_adjustment": [],
            "target_tracking_configuration": [
              {
                "customized_metric_specification": [
                  {
                    "metric_dimension": [
                      {
                        "name": "AutoScalingGroupName",
                        "value": "backend-asg"
                      }
                    ],
                    "metric_name": "mem_used_percent",
                    "namespace": "CWAgent",
                    "statistic": "Average",
                    "unit": "Percent"
                  }
                ],
                "disable_scale_in": false,
                "predefined_metric_specification": [],
                "target_value": 60
              }
            ]
          },
          "sensitive_attributes": [],
          "identity_schema_version": 0,
          "private": "bnVsbA==",
          "dependencies": [
            "aws_autoscaling_group.backend_asg",
            "aws_launch_template.backend_lt",
            "aws_lb_target_group.backend_tg",
            "aws_security_group.backend_sg",
            "data.aws_subnets.default",
            "data.aws_vpc.default"
          ]
        }
      ]
    },
    {
      "mode": "managed",
      "type": "aws_autoscaling_policy",
      "name": "backend_network",
      "provider": "provider[\"registry.terraform.io/hashicorp/aws\"]",
      "instances": [
        {
          "schema_version": 0,
          "attributes": {
            "adjustment_type": "",
            "arn": "arn:aws:autoscaling:us-east-1:767398053934:scalingPolicy:1bfe2780-4216-428e-ab2a-16c0cb4461af:autoScalingGroupName/backend-asg:policyName/backend-scale-network",
            "autoscaling_group_name": "backend-asg",
            "cooldown": 0,
            "estimated_instance_warmup": 0,
            "id": "backend-scale-network",
            "metric_aggregation_type": "",
            "min_adjustment_magnitude": null,
            "name": "backend-scale-network",
            "policy_type": "TargetTrackingScaling",
            "predictive_scaling_configuration": [],
            "scaling_adjustment": 0,
            "step_adjustment": [],
            "target_tracking_configuration": [
              {
                "customized_metric_specification": [],
                "disable_scale_in": false,
                "predefined_metric_specification": [
                  {
                    "predefined_metric_type": "ASGAverageNetworkIn",
                    "resource_label": ""
                  }
                ],
                "target_value": 1000000
              }
            ]
          },
          "sensitive_attributes": [],
          "identity_schema_version": 0,
          "private": "bnVsbA==",
          "dependencies": [
            "aws_autoscaling_group.backend_asg",
            "aws_launch_template.backend_lt",
            "aws_lb_target_group.backend_tg",
            "aws_security_group.backend_sg",
            "data.aws_subnets.default",
            "data.aws_vpc.default"
          ]
        }
      ]
    },
    {
      "mode": "managed",
      "type": "aws_launch_template",
      "name": "backend_lt",
      "provider": "provider[\"registry.terraform.io/hashicorp/aws\"]",
      "instances": [
        {
          "schema_version": 0,
          "attributes": {
            "arn": "arn:aws:ec2:us-east-1:767398053934:launch-template/lt-0c416be21faae93d1",
            "block_device_mappings": [],
            "capacity_reservation_specification": [],
            "cpu_options": [],
            "credit_specification": [],
            "default_version": 1,
            "description": "",
            "disable_api_termination": false,
            "ebs_optimized": "",
            "elastic_gpu_specifications": [],
            "elastic_inference_accelerator": [],
            "enclave_options": [],
            "hibernation_options": [],
            "iam_instance_profile": [],
            "id": "lt-0c416be21faae93d1",
            "image_id": "ami-0c02fb55956c7d316",
            "instance_initiated_shutdown_behavior": "",
            "instance_market_options": [],
            "instance_type": "t2.micro",
            "kernel_id": "",
            "key_name": "",
            "latest_version": 1,
            "license_specification": [],
            "metadata_options": [],
            "monitoring": [],
            "name": "backend-lt-20251214185845663500000001",
            "name_prefix": "backend-lt-",
            "network_interfaces": [
              {
                "associate_carrier_ip_address": "",
                "associate_public_ip_address": "true",
                "delete_on_termination": "",
                "description": "",
                "device_index": 0,
                "interface_type": "",
                "ipv4_address_count": 0,
                "ipv4_addresses": null,
                "ipv6_address_count": 0,
                "ipv6_addresses": null,
                "network_card_index": 0,
                "network_interface_id": "",
                "private_ip_address": "",
                "security_groups": [
                  "sg-0943d5939f23124ab"
                ],
                "subnet_id": ""
              }
            ],
            "placement": [],
            "ram_disk_id": "",
            "security_group_names": null,
            "tag_specifications": [],
            "tags": null,
            "tags_all": {
              "Owner": "Heredia",
              "Project": "Distributed-Exam",
              "Service": "Backend"
            },
            "update_default_version": null,
            "user_data": "IyEvYmluL2Jhc2gNCnl1bSB1cGRhdGUgLXkNCg0KIyBEb2NrZXINCmFtYXpvbi1saW51eC1leHRyYXMgaW5zdGFsbCBkb2NrZXIgLXkNCnN5c3RlbWN0bCBlbmFibGUgZG9ja2VyDQpzeXN0ZW1jdGwgc3RhcnQgZG9ja2VyDQp1c2VybW9kIC1hRyBkb2NrZXIgZWMyLXVzZXINCg0KIyBDbG91ZFdhdGNoIEFnZW50IChNRU1PUklBKQ0KeXVtIGluc3RhbGwgLXkgYW1hem9uLWNsb3Vkd2F0Y2gtYWdlbnQNCg0KY2F0IDw8Q1dDT05GSUcgPiAvb3B0L2F3cy9hbWF6b24tY2xvdWR3YXRjaC1hZ2VudC9iaW4vY29uZmlnLmpzb24NCnsNCiAgIm1ldHJpY3MiOiB7DQogICAgImFwcGVuZF9kaW1lbnNpb25zIjogew0KICAgICAgIkF1dG9TY2FsaW5nR3JvdXBOYW1lIjogIiR7YXdzOkF1dG9TY2FsaW5nR3JvdXBOYW1lfSINCiAgICB9LA0KICAgICJtZXRyaWNzX2NvbGxlY3RlZCI6IHsNCiAgICAgICJtZW0iOiB7DQogICAgICAgICJtZWFzdXJlbWVudCI6IFsibWVtX3VzZWRfcGVyY2VudCJdLA0KICAgICAgICAibWV0cmljc19jb2xsZWN0aW9uX2ludGVydmFsIjogNjANCiAgICAgIH0NCiAgICB9DQogIH0NCn0NCkNXQ09ORklHDQoNCi9vcHQvYXdzL2FtYXpvbi1jbG91ZHdhdGNoLWFnZW50L2Jpbi9hbWF6b24tY2xvdWR3YXRjaC1hZ2VudC1jdGwgXA0KLWEgZmV0Y2gtY29uZmlnIC1tIGVjMiBcDQotYyBmaWxlOi9vcHQvYXdzL2FtYXpvbi1jbG91ZHdhdGNoLWFnZW50L2Jpbi9jb25maWcuanNvbiAtcw0KDQpzbGVlcCAzMA0KDQpkb2NrZXIgcHVsbCBkYXlhbmFoZXJlZGlhL2JhY2tlbmQtaGVsbG8td29ybGQ6bGF0ZXN0DQpkb2NrZXIgcnVuIC1kIC0tcmVzdGFydCBhbHdheXMgLXAgMzAwMjozMDAyIGRheWFuYWhlcmVkaWEvYmFja2VuZC1oZWxsby13b3JsZDpsYXRlc3QNCg==",
            "vpc_security_group_ids": null
          },
          "sensitive_attributes": [],
          "identity_schema_version": 0,
          "private": "bnVsbA==",
          "dependencies": [
            "aws_security_group.backend_sg",
            "data.aws_vpc.default"
          ]
        }
      ]
    },
    {
      "mode": "managed",
      "type": "aws_lb",
      "name": "backend_alb",
      "provider": "provider[\"registry.terraform.io/hashicorp/aws\"]",
      "instances": [
        {
          "schema_version": 0,
          "attributes": {
            "access_logs": [
              {
                "bucket": "",
                "enabled": false,
                "prefix": ""
              }
            ],
            "arn": "arn:aws:elasticloadbalancing:us-east-1:767398053934:loadbalancer/app/backend-alb/3dd893a25f460c2d",
            "arn_suffix": "app/backend-alb/3dd893a25f460c2d",
            "customer_owned_ipv4_pool": "",
            "desync_mitigation_mode": "defensive",
            "dns_name": "backend-alb-1303333898.us-east-1.elb.amazonaws.com",
            "drop_invalid_header_fields": false,
            "enable_cross_zone_load_balancing": true,
            "enable_deletion_protection": false,
            "enable_http2": true,
            "enable_waf_fail_open": false,
            "id": "arn:aws:elasticloadbalancing:us-east-1:767398053934:loadbalancer/app/backend-alb/3dd893a25f460c2d",
            "idle_timeout": 60,
            "internal": false,
            "ip_address_type": "ipv4",
            "load_balancer_type": "application",
            "name": "backend-alb",
            "name_prefix": null,
            "security_groups": [
              "sg-0943d5939f23124ab"
            ],
            "subnet_mapping": [
              {
                "allocation_id": "",
                "ipv6_address": "",
                "outpost_id": "",
                "private_ipv4_address": "",
                "subnet_id": "subnet-00570455c55ce452e"
              },
              {
                "allocation_id": "",
                "ipv6_address": "",
                "outpost_id": "",
                "private_ipv4_address": "",
                "subnet_id": "subnet-01bbaa758588a79ab"
              },
              {
                "allocation_id": "",
                "ipv6_address": "",
                "outpost_id": "",
                "private_ipv4_address": "",
                "subnet_id": "subnet-02bdc4ec59c3264ce"
              },
              {
                "allocation_id": "",
                "ipv6_address": "",
                "outpost_id": "",
                "private_ipv4_address": "",
                "subnet_id": "subnet-03e9126ae9b431ebe"
              },
              {
                "allocation_id": "",
                "ipv6_address": "",
                "outpost_id": "",
                "private_ipv4_address": "",
                "subnet_id": "subnet-0894abf7437c09cb2"
              },
              {
                "allocation_id": "",
                "ipv6_address": "",
                "outpost_id": "",
                "private_ipv4_address": "",
                "subnet_id": "subnet-09a887738a5fb5ab9"
              }
            ],
            "subnets": [
              "subnet-00570455c55ce452e",
              "subnet-01bbaa758588a79ab",
              "subnet-02bdc4ec59c3264ce",
              "subnet-03e9126ae9b431ebe",
              "subnet-0894abf7437c09cb2",
              "subnet-09a887738a5fb5ab9"
            ],
            "tags": null,
            "tags_all": {
              "Owner": "Heredia",
              "Project": "Distributed-Exam",
              "Service": "Backend"
            },
            "timeouts": null,
            "vpc_id": "vpc-0784edd3e24efd9a1",
            "zone_id": "Z35SXDOTRQ7X7K"
          },
          "sensitive_attributes": [],
          "identity_schema_version": 0,
          "private": "eyJlMmJmYjczMC1lY2FhLTExZTYtOGY4OC0zNDM2M2JjN2M0YzAiOnsiY3JlYXRlIjo2MDAwMDAwMDAwMDAsImRlbGV0ZSI6NjAwMDAwMDAwMDAwLCJ1cGRhdGUiOjYwMDAwMDAwMDAwMH19",
          "dependencies": [
            "aws_security_group.backend_sg",
            "data.aws_subnets.default",
            "data.aws_vpc.default"
          ]
        }
      ]
    },
    {
      "mode": "managed",
      "type": "aws_lb_listener",
      "name": "backend_listener",
      "provider": "provider[\"registry.terraform.io/hashicorp/aws\"]",
      "instances": [
        {
          "schema_version": 0,
          "attributes": {
            "alpn_policy": null,
            "arn": "arn:aws:elasticloadbalancing:us-east-1:767398053934:listener/app/backend-alb/3dd893a25f460c2d/699b44a41fcc85d6",
            "certificate_arn": null,
            "default_action": [
              {
                "authenticate_cognito": [],
                "authenticate_oidc": [],
                "fixed_response": [],
                "forward": [],
                "order": 1,
                "redirect": [],
                "target_group_arn": "arn:aws:elasticloadbalancing:us-east-1:767398053934:targetgroup/backend-tg/df806d4c29dcaf09",
                "type": "forward"
              }
            ],
            "id": "arn:aws:elasticloadbalancing:us-east-1:767398053934:listener/app/backend-alb/3dd893a25f460c2d/699b44a41fcc85d6",
            "load_balancer_arn": "arn:aws:elasticloadbalancing:us-east-1:767398053934:loadbalancer/app/backend-alb/3dd893a25f460c2d",
            "port": 80,
            "protocol": "HTTP",
            "ssl_policy": "",
            "tags": null,
            "tags_all": {
              "Owner": "Heredia",
              "Project": "Distributed-Exam",
              "Service": "Backend"
            },
            "timeouts": null
          },
          "sensitive_attributes": [],
          "identity_schema_version": 0,
          "private": "eyJlMmJmYjczMC1lY2FhLTExZTYtOGY4OC0zNDM2M2JjN2M0YzAiOnsicmVhZCI6NjAwMDAwMDAwMDAwfX0=",
          "dependencies": [
            "aws_lb.backend_alb",
            "aws_lb_target_group.backend_tg",
            "aws_security_group.backend_sg",
            "data.aws_subnets.default",
            "data.aws_vpc.default"
          ]
        }
      ]
    },
    {
      "mode": "managed",
      "type": "aws_lb_target_group",
      "name": "backend_tg",
      "provider": "provider[\"registry.terraform.io/hashicorp/aws\"]",
      "instances": [
        {
          "schema_version": 0,
          "attributes": {
            "arn": "arn:aws:elasticloadbalancing:us-east-1:767398053934:targetgroup/backend-tg/df806d4c29dcaf09",
            "arn_suffix": "targetgroup/backend-tg/df806d4c29dcaf09",
            "connection_termination": false,
            "deregistration_delay": "300",
            "health_check": [
              {
                "enabled": true,
                "healthy_threshold": 3,
                "interval": 30,
                "matcher": "200",
                "path": "/",
                "port": "traffic-port",
                "protocol": "HTTP",
                "timeout": 5,
                "unhealthy_threshold": 3
              }
            ],
            "id": "arn:aws:elasticloadbalancing:us-east-1:767398053934:targetgroup/backend-tg/df806d4c29dcaf09",
            "lambda_multi_value_headers_enabled": false,
            "load_balancing_algorithm_type": "round_robin",
            "name": "backend-tg",
            "name_prefix": null,
            "port": 3002,
            "preserve_client_ip": null,
            "protocol": "HTTP",
            "protocol_version": "HTTP1",
            "proxy_protocol_v2": false,
            "slow_start": 0,
            "stickiness": [
              {
                "cookie_duration": 86400,
                "cookie_name": "",
                "enabled": false,
                "type": "lb_cookie"
              }
            ],
            "tags": null,
            "tags_all": {
              "Owner": "Heredia",
              "Project": "Distributed-Exam",
              "Service": "Backend"
            },
            "target_type": "instance",
            "vpc_id": "vpc-0784edd3e24efd9a1"
          },
          "sensitive_attributes": [],
          "identity_schema_version": 0,
          "private": "bnVsbA==",
          "dependencies": [
            "data.aws_vpc.default"
          ]
        }
      ]
    },
    {
      "mode": "managed",
      "type": "aws_security_group",
      "name": "backend_sg",
      "provider": "provider[\"registry.terraform.io/hashicorp/aws\"]",
      "instances": [
        {
          "schema_version": 1,
          "attributes": {
            "arn": "arn:aws:ec2:us-east-1:767398053934:security-group/sg-0943d5939f23124ab",
            "description": "Managed by Terraform",
            "egress": [
              {
                "cidr_blocks": [
                  "0.0.0.0/0"
                ],
                "description": "",
                "from_port": 0,
                "ipv6_cidr_blocks": [],
                "prefix_list_ids": [],
                "protocol": "-1",
                "security_groups": [],
                "self": false,
                "to_port": 0
              }
            ],
            "id": "sg-0943d5939f23124ab",
            "ingress": [
              {
                "cidr_blocks": [
                  "0.0.0.0/0"
                ],
                "description": "",
                "from_port": 22,
                "ipv6_cidr_blocks": [],
                "prefix_list_ids": [],
                "protocol": "tcp",
                "security_groups": [],
                "self": false,
                "to_port": 22
              },
              {
                "cidr_blocks": [
                  "0.0.0.0/0"
                ],
                "description": "",
                "from_port": 3002,
                "ipv6_cidr_blocks": [],
                "prefix_list_ids": [],
                "protocol": "tcp",
                "security_groups": [],
                "self": false,
                "to_port": 3002
              },
              {
                "cidr_blocks": [
                  "0.0.0.0/0"
                ],
                "description": "",
                "from_port": 80,
                "ipv6_cidr_blocks": [],
                "prefix_list_ids": [],
                "protocol": "tcp",
                "security_groups": [],
                "self": false,
                "to_port": 80
              }
            ],
            "name": "backend-sg",
            "name_prefix": "",
            "owner_id": "767398053934",
            "revoke_rules_on_delete": false,
            "tags": null,
            "tags_all": {
              "Owner": "Heredia",
              "Project": "Distributed-Exam",
              "Service": "Backend"
            },
            "timeouts": null,
            "vpc_id": "vpc-0784edd3e24efd9a1"
          },
          "sensitive_attributes": [],
          "identity_schema_version": 0,
          "private": "eyJlMmJmYjczMC1lY2FhLTExZTYtOGY4OC0zNDM2M2JjN2M0YzAiOnsiY3JlYXRlIjo2MDAwMDAwMDAwMDAsImRlbGV0ZSI6OTAwMDAwMDAwMDAwfSwic2NoZW1hX3ZlcnNpb24iOiIxIn0=",
          "dependencies": [
            "data.aws_vpc.default"
          ]
        }
      ]
    }
  ],
  "check_results": null
}
